Microsoft Visual Studio Solution File, Format Version 12.00
# Visual Studio Version 17
VisualStudioVersion = 17.5.2.0
MinimumVisualStudioVersion = 10.0.40219.1
Project("{FAE04EC0-301F-11D3-BF4B-00C04F79EFBC}") = "ExportDialogApp", "ExportDialogApp.csproj", "{B4615826-ECF9-148A-9ADF-054BDAB52441}"
EndProject
Global
	GlobalSection(SolutionConfigurationPlatforms) = preSolution
		Debug|Any CPU = Debug|Any CPU
		Release|Any CPU = Release|Any CPU
	EndGlobalSection
	GlobalSection(ProjectConfigurationPlatforms) = postSolution
		{B4615826-ECF9-148A-9ADF-054BDAB52441}.Debug|Any CPU.ActiveCfg = Debug|Any CPU
		{B4615826-ECF9-148A-9ADF-054BDAB52441}.Debug|Any CPU.Build.0 = Debug|Any CPU
		{B4615826-ECF9-148A-9ADF-054BDAB52441}.Release|Any CPU.ActiveCfg = Release|Any CPU
		{B4615826-ECF9-148A-9ADF-054BDAB52441}.Release|Any CPU.Build.0 = Release|Any CPU
	EndGlobalSection
	GlobalSection(SolutionProperties) = preSolution
		HideSolutionNode = FALSE
	EndGlobalSection
	GlobalSection(ExtensibilityGlobals) = postSolution
		SolutionGuid = {32D4737B-679E-4946-AEBD-593BADCC36A6}
	EndGlobalSection
EndGlobal
